
Microsoft Visual Studio Solution File, Format Version 12.00
# Visual Studio Version 17
VisualStudioVersion = 17.9.34607.119
MinimumVisualStudioVersion = 10.0.40219.1
Project("{FAE04EC0-301F-11D3-BF4B-00C04F79EFBC}") = "AguitosProject", "AguitosProject\AguitosProject.csproj", "{4DFD8ADD-9CAA-4528-B72A-05B77E75E3F5}"
EndProject
Global
	GlobalSection(SolutionConfigurationPlatforms) = preSolution
		Debug|Any CPU = Debug|Any CPU
		Release|Any CPU = Release|Any CPU
	EndGlobalSection
	GlobalSection(ProjectConfigurationPlatforms) = postSolution
		{4DFD8ADD-9CAA-4528-B72A-05B77E75E3F5}.Debug|Any CPU.ActiveCfg = Debug|Any CPU
		{4DFD8ADD-9CAA-4528-B72A-05B77E75E3F5}.Debug|Any CPU.Build.0 = Debug|Any CPU
		{4DFD8ADD-9CAA-4528-B72A-05B77E75E3F5}.Release|Any CPU.ActiveCfg = Release|Any CPU
		{4DFD8ADD-9CAA-4528-B72A-05B77E75E3F5}.Release|Any CPU.Build.0 = Release|Any CPU
	EndGlobalSection
	GlobalSection(SolutionProperties) = preSolution
		HideSolutionNode = FALSE
	EndGlobalSection
	GlobalSection(ExtensibilityGlobals) = postSolution
		SolutionGuid = {BB609520-AB6B-4FC4-A2A7-EC0DB9CE0E4F}
	EndGlobalSection
EndGlobal
